// !$*UTF8*$!
{
	archiveVersion = 1;
	classes = {
	};
	objectVersion = 50;
	objects = {

/* Begin PBXBuildFile section */
		3E5356F223B51CEF00B547E0 /* AppDelegate.swift in Sources */ = {isa = PBXBuildFile; fileRef = 3E5356F123B51CEF00B547E0 /* AppDelegate.swift */; };
		3E5356F423B51CEF00B547E0 /* SceneDelegate.swift in Sources */ = {isa = PBXBuildFile; fileRef = 3E5356F323B51CEF00B547E0 /* SceneDelegate.swift */; };
		3E5356F723B51CEF00B547E0 /* Air_take2.xcdatamodeld in Sources */ = {isa = PBXBuildFile; fileRef = 3E5356F523B51CEF00B547E0 /* Air_take2.xcdatamodeld */; };
		3E5356F923B51CEF00B547E0 /* ContentView.swift in Sources */ = {isa = PBXBuildFile; fileRef = 3E5356F823B51CEF00B547E0 /* ContentView.swift */; };
		3E5356FB23B51CF100B547E0 /* Assets.xcassets in Resources */ = {isa = PBXBuildFile; fileRef = 3E5356FA23B51CF100B547E0 /* Assets.xcassets */; };
		3E5356FE23B51CF100B547E0 /* Preview Assets.xcassets in Resources */ = {isa = PBXBuildFile; fileRef = 3E5356FD23B51CF100B547E0 /* Preview Assets.xcassets */; };
		3E53570123B51CF100B547E0 /* LaunchScreen.storyboard in Resources */ = {isa = PBXBuildFile; fileRef = 3E5356FF23B51CF100B547E0 /* LaunchScreen.storyboard */; };
		3E53570C23B51CF100B547E0 /* Air_take2Tests.swift in Sources */ = {isa = PBXBuildFile; fileRef = 3E53570B23B51CF100B547E0 /* Air_take2Tests.swift */; };
		3E53571723B51CF100B547E0 /* Air_take2UITests.swift in Sources */ = {isa = PBXBuildFile; fileRef = 3E53571623B51CF100B547E0 /* Air_take2UITests.swift */; };
		3E53572523B526AC00B547E0 /* TimerModel.swift in Sources */ = {isa = PBXBuildFile; fileRef = 3E53572423B526AC00B547E0 /* TimerModel.swift */; };
/* End PBXBuildFile section */

/* Begin PBXContainerItemProxy section */
		3E53570823B51CF100B547E0 /* PBXContainerItemProxy */ = {
			isa = PBXContainerItemProxy;
			containerPortal = 3E5356E623B51CEF00B547E0 /* Project object */;
			proxyType = 1;
			remoteGlobalIDString = 3E5356ED23B51CEF00B547E0;
			remoteInfo = "Air take2";
		};
		3E53571323B51CF100B547E0 /* PBXContainerItemProxy */ = {
			isa = PBXContainerItemProxy;
			containerPortal = 3E5356E623B51CEF00B547E0 /* Project object */;
			proxyType = 1;
			remoteGlobalIDString = 3E5356ED23B51CEF00B547E0;
			remoteInfo = "Air take2";
		};
/* End PBXContainerItemProxy section */

/* Begin PBXFileReference section */
		3E5356EE23B51CEF00B547E0 /* Air take2.app */ = {isa = PBXFileReference; explicitFileType = wrapper.application; includeInIndex = 0; path = "Air take2.app"; sourceTree = BUILT_PRODUCTS_DIR; };
		3E5356F123B51CEF00B547E0 /* AppDelegate.swift */ = {isa = PBXFileReference; lastKnownFileType = sourcecode.swift; path = AppDelegate.swift; sourceTree = "<group>"; };
		3E5356F323B51CEF00B547E0 /* SceneDelegate.swift */ = {isa = PBXFileReference; lastKnownFileType = sourcecode.swift; path = SceneDelegate.swift; sourceTree = "<group>"; };
		3E5356F623B51CEF00B547E0 /* Air_take2.xcdatamodel */ = {isa = PBXFileReference; lastKnownFileType = wrapper.xcdatamodel; path = Air_take2.xcdatamodel; sourceTree = "<group>"; };
		3E5356F823B51CEF00B547E0 /* ContentView.swift */ = {isa = PBXFileReference; lastKnownFileType = sourcecode.swift; path = ContentView.swift; sourceTree = "<group>"; };
		3E5356FA23B51CF100B547E0 /* Assets.xcassets */ = {isa = PBXFileReference; lastKnownFileType = folder.assetcatalog; path = Assets.xcassets; sourceTree = "<group>"; };
		3E5356FD23B51CF100B547E0 /* Preview Assets.xcassets */ = {isa = PBXFileReference; lastKnownFileType = folder.assetcatalog; path = "Preview Assets.xcassets"; sourceTree = "<group>"; };
		3E53570023B51CF100B547E0 /* Base */ = {isa = PBXFileReference; lastKnownFileType = file.storyboard; name = Base; path = Base.lproj/LaunchScreen.storyboard; sourceTree = "<group>"; };
		3E53570223B51CF100B547E0 /* Info.plist */ = {isa = PBXFileReference; lastKnownFileType = text.plist.xml; path = Info.plist; sourceTree = "<group>"; };
		3E53570723B51CF100B547E0 /* Air take2Tests.xctest */ = {isa = PBXFileReference; explicitFileType = wrapper.cfbundle; includeInIndex = 0; path = "Air take2Tests.xctest"; sourceTree = BUILT_PRODUCTS_DIR; };
		3E53570B23B51CF100B547E0 /* Air_take2Tests.swift */ = {isa = PBXFileReference; lastKnownFileType = sourcecode.swift; path = Air_take2Tests.swift; sourceTree = "<group>"; };
		3E53570D23B51CF100B547E0 /* Info.plist */ = {isa = PBXFileReference; lastKnownFileType = text.plist.xml; path = Info.plist; sourceTree = "<group>"; };
		3E53571223B51CF100B547E0 /* Air take2UITests.xctest */ = {isa = PBXFileReference; explicitFileType = wrapper.cfbundle; includeInIndex = 0; path = "Air take2UITests.xctest"; sourceTree = BUILT_PRODUCTS_DIR; };
		3E53571623B51CF100B547E0 /* Air_take2UITests.swift */ = {isa = PBXFileReference; lastKnownFileType = sourcecode.swift; path = Air_take2UITests.swift; sourceTree = "<group>"; };
		3E53571823B51CF100B547E0 /* Info.plist */ = {isa = PBXFileReference; lastKnownFileType = text.plist.xml; path = Info.plist; sourceTree = "<group>"; };
		3E53572423B526AC00B547E0 /* TimerModel.swift */ = {isa = PBXFileReference; lastKnownFileType = sourcecode.swift; path = TimerModel.swift; sourceTree = "<group>"; };
/* End PBXFileReference section */

/* Begin PBXFrameworksBuildPhase section */
		3E5356EB23B51CEF00B547E0 /* Frameworks */ = {
			isa = PBXFrameworksBuildPhase;
			buildActionMask = 2147483647;
			files = (
			);
			runOnlyForDeploymentPostprocessing = 0;
		};
		3E53570423B51CF100B547E0 /* Frameworks */ = {
			isa = PBXFrameworksBuildPhase;
			buildActionMask = 2147483647;
			files = (
			);
			runOnlyForDeploymentPostprocessing = 0;
		};
		3E53570F23B51CF100B547E0 /* Frameworks */ = {
			isa = PBXFrameworksBuildPhase;
			buildActionMask = 2147483647;
			files = (
			);
			runOnlyForDeploymentPostprocessing = 0;
		};
/* End PBXFrameworksBuildPhase section */

/* Begin PBXGroup section */
		3E5356E523B51CEF00B547E0 = {
			isa = PBXGroup;
			children = (
				3E5356F023B51CEF00B547E0 /* Air take2 */,
				3E53570A23B51CF100B547E0 /* Air take2Tests */,
				3E53571523B51CF100B547E0 /* Air take2UITests */,
				3E5356EF23B51CEF00B547E0 /* Products */,
			);
			sourceTree = "<group>";
		};
		3E5356EF23B51CEF00B547E0 /* Products */ = {
			isa = PBXGroup;
			children = (
				3E5356EE23B51CEF00B547E0 /* Air take2.app */,
				3E53570723B51CF100B547E0 /* Air take2Tests.xctest */,
				3E53571223B51CF100B547E0 /* Air take2UITests.xctest */,
			);
			name = Products;
			sourceTree = "<group>";
		};
		3E5356F023B51CEF00B547E0 /* Air take2 */ = {
			isa = PBXGroup;
			children = (
				3E5356F123B51CEF00B547E0 /* AppDelegate.swift */,
				3E5356F323B51CEF00B547E0 /* SceneDelegate.swift */,
				3E5356F823B51CEF00B547E0 /* ContentView.swift */,
				3E53572423B526AC00B547E0 /* TimerModel.swift */,
				3E5356FA23B51CF100B547E0 /* Assets.xcassets */,
				3E5356FF23B51CF100B547E0 /* LaunchScreen.storyboard */,
				3E53570223B51CF100B547E0 /* Info.plist */,
				3E5356F523B51CEF00B547E0 /* Air_take2.xcdatamodeld */,
				3E5356FC23B51CF100B547E0 /* Preview Content */,
			);
			path = "Air take2";
			sourceTree = "<group>";
		};
		3E5356FC23B51CF100B547E0 /* Preview Content */ = {
			isa = PBXGroup;
			children = (
				3E5356FD23B51CF100B547E0 /* Preview Assets.xcassets */,
			);
			path = "Preview Content";
			sourceTree = "<group>";
		};
		3E53570A23B51CF100B547E0 /* Air take2Tests */ = {
			isa = PBXGroup;
			children = (
				3E53570B23B51CF100B547E0 /* Air_take2Tests.swift */,
				3E53570D23B51CF100B547E0 /* Info.plist */,
			);
			path = "Air take2Tests";
			sourceTree = "<group>";
		};
		3E53571523B51CF100B547E0 /* Air take2UITests */ = {
			isa = PBXGroup;
			children = (
				3E53571623B51CF100B547E0 /* Air_take2UITests.swift */,
				3E53571823B51CF100B547E0 /* Info.plist */,
			);
			path = "Air take2UITests";
			sourceTree = "<group>";
		};
/* End PBXGroup section */

/* Begin PBXNativeTarget section */
		3E5356ED23B51CEF00B547E0 /* Air take2 */ = {
			isa = PBXNativeTarget;
			buildConfigurationList = 3E53571B23B51CF100B547E0 /* Build configuration list for PBXNativeTarget "Air take2" */;
			buildPhases = (
				3E5356EA23B51CEF00B547E0 /* Sources */,
				3E5356EB23B51CEF00B547E0 /* Frameworks */,
				3E5356EC23B51CEF00B547E0 /* Resources */,
			);
			buildRules = (
			);
			dependencies = (
			);
			name = "Air take2";
			productName = "Air take2";
			productReference = 3E5356EE23B51CEF00B547E0 /* Air take2.app */;
			productType = "com.apple.product-type.application";
		};
		3E53570623B51CF100B547E0 /* Air take2Tests */ = {
			isa = PBXNativeTarget;
			buildConfigurationList = 3E53571E23B51CF100B547E0 /* Build configuration list for PBXNativeTarget "Air take2Tests" */;
			buildPhases = (
				3E53570323B51CF100B547E0 /* Sources */,
				3E53570423B51CF100B547E0 /* Frameworks */,
				3E53570523B51CF100B547E0 /* Resources */,
			);
			buildRules = (
			);
			dependencies = (
				3E53570923B51CF100B547E0 /* PBXTargetDependency */,
			);
			name = "Air take2Tests";
			productName = "Air take2Tests";
			productReference = 3E53570723B51CF100B547E0 /* Air take2Tests.xctest */;
			productType = "com.apple.product-type.bundle.unit-test";
		};
		3E53571123B51CF100B547E0 /* Air take2UITests */ = {
			isa = PBXNativeTarget;
			buildConfigurationList = 3E53572123B51CF100B547E0 /* Build configuration list for PBXNativeTarget "Air take2UITests" */;
			buildPhases = (
				3E53570E23B51CF100B547E0 /* Sources */,
				3E53570F23B51CF100B547E0 /* Frameworks */,
				3E53571023B51CF100B547E0 /* Resources */,
			);
			buildRules = (
			);
			dependencies = (
				3E53571423B51CF100B547E0 /* PBXTargetDependency */,
			);
			name = "Air take2UITests";
			productName = "Air take2UITests";
			productReference = 3E53571223B51CF100B547E0 /* Air take2UITests.xctest */;
			productType = "com.apple.product-type.bundle.ui-testing";
		};
/* End PBXNativeTarget section */

/* Begin PBXProject section */
		3E5356E623B51CEF00B547E0 /* Project object */ = {
			isa = PBXProject;
			attributes = {
				LastSwiftUpdateCheck = 1130;
				LastUpgradeCheck = 1130;
				ORGANIZATIONNAME = "High Gravity Consulting";
				TargetAttributes = {
					3E5356ED23B51CEF00B547E0 = {
						CreatedOnToolsVersion = 11.3;
					};
					3E53570623B51CF100B547E0 = {
						CreatedOnToolsVersion = 11.3;
						TestTargetID = 3E5356ED23B51CEF00B547E0;
					};
					3E53571123B51CF100B547E0 = {
						CreatedOnToolsVersion = 11.3;
						TestTargetID = 3E5356ED23B51CEF00B547E0;
					};
				};
			};
			buildConfigurationList = 3E5356E923B51CEF00B547E0 /* Build configuration list for PBXProject "Air take2" */;
			compatibilityVersion = "Xcode 9.3";
			developmentRegion = en;
			hasScannedForEncodings = 0;
			knownRegions = (
				en,
				Base,
			);
			mainGroup = 3E5356E523B51CEF00B547E0;
			productRefGroup = 3E5356EF23B51CEF00B547E0 /* Products */;
			projectDirPath = "";
			projectRoot = "";
			targets = (
				3E5356ED23B51CEF00B547E0 /* Air take2 */,
				3E53570623B51CF100B547E0 /* Air take2Tests */,
				3E53571123B51CF100B547E0 /* Air take2UITests */,
			);
		};
/* End PBXProject section */

/* Begin PBXResourcesBuildPhase section */
		3E5356EC23B51CEF00B547E0 /* Resources */ = {
			isa = PBXResourcesBuildPhase;
			buildActionMask = 2147483647;
			files = (
				3E53570123B51CF100B547E0 /* LaunchScreen.storyboard in Resources */,
				3E5356FE23B51CF100B547E0 /* Preview Assets.xcassets in Resources */,
				3E5356FB23B51CF100B547E0 /* Assets.xcassets in Resources */,
			);
			runOnlyForDeploymentPostprocessing = 0;
		};
		3E53570523B51CF100B547E0 /* Resources */ = {
			isa = PBXResourcesBuildPhase;
			buildActionMask = 2147483647;
			files = (
			);
			runOnlyForDeploymentPostprocessing = 0;
		};
		3E53571023B51CF100B547E0 /* Resources */ = {
			isa = PBXResourcesBuildPhase;
			buildActionMask = 2147483647;
			files = (
			);
			runOnlyForDeploymentPostprocessing = 0;
		};
/* End PBXResourcesBuildPhase section */

/* Begin PBXSourcesBuildPhase section */
		3E5356EA23B51CEF00B547E0 /* Sources */ = {
			isa = PBXSourcesBuildPhase;
			buildActionMask = 2147483647;
			files = (
				3E5356F723B51CEF00B547E0 /* Air_take2.xcdatamodeld in Sources */,
				3E5356F223B51CEF00B547E0 /* AppDelegate.swift in Sources */,
				3E53572523B526AC00B547E0 /* TimerModel.swift in Sources */,
				3E5356F923B51CEF00B547E0 /* ContentView.swift in Sources */,
				3E5356F423B51CEF00B547E0 /* SceneDelegate.swift in Sources */,
			);
			runOnlyForDeploymentPostprocessing = 0;
		};
		3E53570323B51CF100B547E0 /* Sources */ = {
			isa = PBXSourcesBuildPhase;
			buildActionMask = 2147483647;
			files = (
				3E53570C23B51CF100B547E0 /* Air_take2Tests.swift in Sources */,
			);
			runOnlyForDeploymentPostprocessing = 0;
		};
		3E53570E23B51CF100B547E0 /* Sources */ = {
			isa = PBXSourcesBuildPhase;
			buildActionMask = 2147483647;
			files = (
				3E53571723B51CF100B547E0 /* Air_take2UITests.swift in Sources */,
			);
			runOnlyForDeploymentPostprocessing = 0;
		};
/* End PBXSourcesBuildPhase section */

/* Begin PBXTargetDependency section */
		3E53570923B51CF100B547E0 /* PBXTargetDependency */ = {
			isa = PBXTargetDependency;
			target = 3E5356ED23B51CEF00B547E0 /* Air take2 */;
			targetProxy = 3E53570823B51CF100B547E0 /* PBXContainerItemProxy */;
		};
		3E53571423B51CF100B547E0 /* PBXTargetDependency */ = {
			isa = PBXTargetDependency;
			target = 3E5356ED23B51CEF00B547E0 /* Air take2 */;
			targetProxy = 3E53571323B51CF100B547E0 /* PBXContainerItemProxy */;
		};
/* End PBXTargetDependency section */

/* Begin PBXVariantGroup section */
		3E5356FF23B51CF100B547E0 /* LaunchScreen.storyboard */ = {
			isa = PBXVariantGroup;
			children = (
				3E53570023B51CF100B547E0 /* Base */,
			);
			name = LaunchScreen.storyboard;
			sourceTree = "<group>";
		};
/* End PBXVariantGroup section */

/* Begin XCBuildConfiguration section */
		3E53571923B51CF100B547E0 /* Debug */ = {
			isa = XCBuildConfiguration;
			buildSettings = {
				ALWAYS_SEARCH_USER_PATHS = NO;
				CLANG_ANALYZER_NONNULL = YES;
				CLANG_ANALYZER_NUMBER_OBJECT_CONVERSION = YES_AGGRESSIVE;
				CLANG_CXX_LANGUAGE_STANDARD = "gnu++14";
				CLANG_CXX_LIBRARY = "libc++";
				CLANG_ENABLE_MODULES = YES;
				CLANG_ENABLE_OBJC_ARC = YES;
				CLANG_ENABLE_OBJC_WEAK = YES;
				CLANG_WARN_BLOCK_CAPTURE_AUTORELEASING = YES;
				CLANG_WARN_BOOL_CONVERSION = YES;
				CLANG_WARN_COMMA = YES;
				CLANG_WARN_CONSTANT_CONVERSION = YES;
				CLANG_WARN_DEPRECATED_OBJC_IMPLEMENTATIONS = YES;
				CLANG_WARN_DIRECT_OBJC_ISA_USAGE = YES_ERROR;
				CLANG_WARN_DOCUMENTATION_COMMENTS = YES;
				CLANG_WARN_EMPTY_BODY = YES;
				CLANG_WARN_ENUM_CONVERSION = YES;
				CLANG_WARN_INFINITE_RECURSION = YES;
				CLANG_WARN_INT_CONVERSION = YES;
				CLANG_WARN_NON_LITERAL_NULL_CONVERSION = YES;
				CLANG_WARN_OBJC_IMPLICIT_RETAIN_SELF = YES;
				CLANG_WARN_OBJC_LITERAL_CONVERSION = YES;
				CLANG_WARN_OBJC_ROOT_CLASS = YES_ERROR;
				CLANG_WARN_RANGE_LOOP_ANALYSIS = YES;
				CLANG_WARN_STRICT_PROTOTYPES = YES;
				CLANG_WARN_SUSPICIOUS_MOVE = YES;
				CLANG_WARN_UNGUARDED_AVAILABILITY = YES_AGGRESSIVE;
				CLANG_WARN_UNREACHABLE_CODE = YES;
				CLANG_WARN__DUPLICATE_METHOD_MATCH = YES;
				COPY_PHASE_STRIP = NO;
				DEBUG_INFORMATION_FORMAT = dwarf;
				ENABLE_STRICT_OBJC_MSGSEND = YES;
				ENABLE_TESTABILITY = YES;
				GCC_C_LANGUAGE_STANDARD = gnu11;
				GCC_DYNAMIC_NO_PIC = NO;
				GCC_NO_COMMON_BLOCKS = YES;
				GCC_OPTIMIZATION_LEVEL = 0;
				GCC_PREPROCESSOR_DEFINITIONS = (
					"DEBUG=1",
					"$(inherited)",
				);
				GCC_WARN_64_TO_32_BIT_CONVERSION = YES;
				GCC_WARN_ABOUT_RETURN_TYPE = YES_ERROR;
				GCC_WARN_UNDECLARED_SELECTOR = YES;
				GCC_WARN_UNINITIALIZED_AUTOS = YES_AGGRESSIVE;
				GCC_WARN_UNUSED_FUNCTION = YES;
				GCC_WARN_UNUSED_VARIABLE = YES;
				IPHONEOS_DEPLOYMENT_TARGET = 13.2;
				MTL_ENABLE_DEBUG_INFO = INCLUDE_SOURCE;
				MTL_FAST_MATH = YES;
				ONLY_ACTIVE_ARCH = YES;
				SDKROOT = iphoneos;
				SWIFT_ACTIVE_COMPILATION_CONDITIONS = DEBUG;
				SWIFT_OPTIMIZATION_LEVEL = "-Onone";
			};
			name = Debug;
		};
		3E53571A23B51CF100B547E0 /* Release */ = {
			isa = XCBuildConfiguration;
			buildSettings = {
				ALWAYS_SEARCH_USER_PATHS = NO;
				CLANG_ANALYZER_NONNULL = YES;
				CLANG_ANALYZER_NUMBER_OBJECT_CONVERSION = YES_AGGRESSIVE;
				CLANG_CXX_LANGUAGE_STANDARD = "gnu++14";
				CLANG_CXX_LIBRARY = "libc++";
				CLANG_ENABLE_MODULES = YES;
				CLANG_ENABLE_OBJC_ARC = YES;
				CLANG_ENABLE_OBJC_WEAK = YES;
				CLANG_WARN_BLOCK_CAPTURE_AUTORELEASING = YES;
				CLANG_WARN_BOOL_CONVERSION = YES;
				CLANG_WARN_COMMA = YES;
				CLANG_WARN_CONSTANT_CONVERSION = YES;
				CLANG_WARN_DEPRECATED_OBJC_IMPLEMENTATIONS = YES;
				CLANG_WARN_DIRECT_OBJC_ISA_USAGE = YES_ERROR;
				CLANG_WARN_DOCUMENTATION_COMMENTS = YES;
				CLANG_WARN_EMPTY_BODY = YES;
				CLANG_WARN_ENUM_CONVERSION = YES;
				CLANG_WARN_INFINITE_RECURSION = YES;
				CLANG_WARN_INT_CONVERSION = YES;
				CLANG_WARN_NON_LITERAL_NULL_CONVERSION = YES;
				CLANG_WARN_OBJC_IMPLICIT_RETAIN_SELF = YES;
				CLANG_WARN_OBJC_LITERAL_CONVERSION = YES;
				CLANG_WARN_OBJC_ROOT_CLASS = YES_ERROR;
				CLANG_WARN_RANGE_LOOP_ANALYSIS = YES;
				CLANG_WARN_STRICT_PROTOTYPES = YES;
				CLANG_WARN_SUSPICIOUS_MOVE = YES;
				CLANG_WARN_UNGUARDED_AVAILABILITY = YES_AGGRESSIVE;
				CLANG_WARN_UNREACHABLE_CODE = YES;
				CLANG_WARN__DUPLICATE_METHOD_MATCH = YES;
				COPY_PHASE_STRIP = NO;
				DEBUG_INFORMATION_FORMAT = "dwarf-with-dsym";
				ENABLE_NS_ASSERTIONS = NO;
				ENABLE_STRICT_OBJC_MSGSEND = YES;
				GCC_C_LANGUAGE_STANDARD = gnu11;
				GCC_NO_COMMON_BLOCKS = YES;
				GCC_WARN_64_TO_32_BIT_CONVERSION = YES;
				GCC_WARN_ABOUT_RETURN_TYPE = YES_ERROR;
				GCC_WARN_UNDECLARED_SELECTOR = YES;
				GCC_WARN_UNINITIALIZED_AUTOS = YES_AGGRESSIVE;
				GCC_WARN_UNUSED_FUNCTION = YES;
				GCC_WARN_UNUSED_VARIABLE = YES;
				IPHONEOS_DEPLOYMENT_TARGET = 13.2;
				MTL_ENABLE_DEBUG_INFO = NO;
				MTL_FAST_MATH = YES;
				SDKROOT = iphoneos;
				SWIFT_COMPILATION_MODE = wholemodule;
				SWIFT_OPTIMIZATION_LEVEL = "-O";
				VALIDATE_PRODUCT = YES;
			};
			name = Release;
		};
		3E53571C23B51CF100B547E0 /* Debug */ = {
			isa = XCBuildConfiguration;
			buildSettings = {
				ASSETCATALOG_COMPILER_APPICON_NAME = AppIcon;
				CODE_SIGN_STYLE = Automatic;
				DEVELOPMENT_ASSET_PATHS = "\"Air take2/Preview Content\"";
				DEVELOPMENT_TEAM = E9ZR5MNAYN;
				ENABLE_PREVIEWS = YES;
				INFOPLIST_FILE = "Air take2/Info.plist";
				LD_RUNPATH_SEARCH_PATHS = (
					"$(inherited)",
					"@executable_path/Frameworks",
				);
				PRODUCT_BUNDLE_IDENTIFIER = "com.highgravityconsulting.Air-take2";
				PRODUCT_NAME = "$(TARGET_NAME)";
				SWIFT_VERSION = 5.0;
				TARGETED_DEVICE_FAMILY = "1,2";
			};
			name = Debug;
		};
		3E53571D23B51CF100B547E0 /* Release */ = {
			isa = XCBuildConfiguration;
			buildSettings = {
				ASSETCATALOG_COMPILER_APPICON_NAME = AppIcon;
				CODE_SIGN_STYLE = Automatic;
				DEVELOPMENT_ASSET_PATHS = "\"Air take2/Preview Content\"";
				DEVELOPMENT_TEAM = E9ZR5MNAYN;
				ENABLE_PREVIEWS = YES;
				INFOPLIST_FILE = "Air take2/Info.plist";
				LD_RUNPATH_SEARCH_PATHS = (
					"$(inherited)",
					"@executable_path/Frameworks",
				);
				PRODUCT_BUNDLE_IDENTIFIER = "com.highgravityconsulting.Air-take2";
				PRODUCT_NAME = "$(TARGET_NAME)";
				SWIFT_VERSION = 5.0;
				TARGETED_DEVICE_FAMILY = "1,2";
			};
			name = Release;
		};
		3E53571F23B51CF100B547E0 /* Debug */ = {
			isa = XCBuildConfiguration;
			buildSettings = {
				ALWAYS_EMBED_SWIFT_STANDARD_LIBRARIES = YES;
				BUNDLE_LOADER = "$(TEST_HOST)";
				CODE_SIGN_STYLE = Automatic;
				DEVELOPMENT_TEAM = E9ZR5MNAYN;
				INFOPLIST_FILE = "Air take2Tests/Info.plist";
				IPHONEOS_DEPLOYMENT_TARGET = 13.2;
				LD_RUNPATH_SEARCH_PATHS = (
					"$(inherited)",
					"@executable_path/Frameworks",
					"@loader_path/Frameworks",
				);
				PRODUCT_BUNDLE_IDENTIFIER = "com.highgravityconsulting.Air-take2Tests";
				PRODUCT_NAME = "$(TARGET_NAME)";
				SWIFT_VERSION = 5.0;
				TARGETED_DEVICE_FAMILY = "1,2";
				TEST_HOST = "$(BUILT_PRODUCTS_DIR)/Air take2.app/Air take2";
			};
			name = Debug;
		};
		3E53572023B51CF100B547E0 /* Release */ = {
			isa = XCBuildConfiguration;
			buildSettings = {
				ALWAYS_EMBED_SWIFT_STANDARD_LIBRARIES = YES;
				BUNDLE_LOADER = "$(TEST_HOST)";
				CODE_SIGN_STYLE = Automatic;
				DEVELOPMENT_TEAM = E9ZR5MNAYN;
				INFOPLIST_FILE = "Air take2Tests/Info.plist";
				IPHONEOS_DEPLOYMENT_TARGET = 13.2;
				LD_RUNPATH_SEARCH_PATHS = (
					"$(inherited)",
					"@executable_path/Frameworks",
					"@loader_path/Frameworks",
				);
				PRODUCT_BUNDLE_IDENTIFIER = "com.highgravityconsulting.Air-take2Tests";
				PRODUCT_NAME = "$(TARGET_NAME)";
				SWIFT_VERSION = 5.0;
				TARGETED_DEVICE_FAMILY = "1,2";
				TEST_HOST = "$(BUILT_PRODUCTS_DIR)/Air take2.app/Air take2";
			};
			name = Release;
		};
		3E53572223B51CF100B547E0 /* Debug */ = {
			isa = XCBuildConfiguration;
			buildSettings = {
				ALWAYS_EMBED_SWIFT_STANDARD_LIBRARIES = YES;
				CODE_SIGN_STYLE = Automatic;
				DEVELOPMENT_TEAM = E9ZR5MNAYN;
				INFOPLIST_FILE = "Air take2UITests/Info.plist";
				LD_RUNPATH_SEARCH_PATHS = (
					"$(inherited)",
					"@executable_path/Frameworks",
					"@loader_path/Frameworks",
				);
				PRODUCT_BUNDLE_IDENTIFIER = "com.highgravityconsulting.Air-take2UITests";
				PRODUCT_NAME = "$(TARGET_NAME)";
				SWIFT_VERSION = 5.0;
				TARGETED_DEVICE_FAMILY = "1,2";
				TEST_TARGET_NAME = "Air take2";
			};
			name = Debug;
		};
		3E53572323B51CF100B547E0 /* Release */ = {
			isa = XCBuildConfiguration;
			buildSettings = {
				ALWAYS_EMBED_SWIFT_STANDARD_LIBRARIES = YES;
				CODE_SIGN_STYLE = Automatic;
				DEVELOPMENT_TEAM = E9ZR5MNAYN;
				INFOPLIST_FILE = "Air take2UITests/Info.plist";
				LD_RUNPATH_SEARCH_PATHS = (
					"$(inherited)",
					"@executable_path/Frameworks",
					"@loader_path/Frameworks",
				);
				PRODUCT_BUNDLE_IDENTIFIER = "com.highgravityconsulting.Air-take2UITests";
				PRODUCT_NAME = "$(TARGET_NAME)";
				SWIFT_VERSION = 5.0;
				TARGETED_DEVICE_FAMILY = "1,2";
				TEST_TARGET_NAME = "Air take2";
			};
			name = Release;
		};
/* End XCBuildConfiguration section */

/* Begin XCConfigurationList section */
		3E5356E923B51CEF00B547E0 /* Build configuration list for PBXProject "Air take2" */ = {
			isa = XCConfigurationList;
			buildConfigurations = (
				3E53571923B51CF100B547E0 /* Debug */,
				3E53571A23B51CF100B547E0 /* Release */,
			);
			defaultConfigurationIsVisible = 0;
			defaultConfigurationName = Release;
		};
		3E53571B23B51CF100B547E0 /* Build configuration list for PBXNativeTarget "Air take2" */ = {
			isa = XCConfigurationList;
			buildConfigurations = (
				3E53571C23B51CF100B547E0 /* Debug */,
				3E53571D23B51CF100B547E0 /* Release */,
			);
			defaultConfigurationIsVisible = 0;
			defaultConfigurationName = Release;
		};
		3E53571E23B51CF100B547E0 /* Build configuration list for PBXNativeTarget "Air take2Tests" */ = {
			isa = XCConfigurationList;
			buildConfigurations = (
				3E53571F23B51CF100B547E0 /* Debug */,
				3E53572023B51CF100B547E0 /* Release */,
			);
			defaultConfigurationIsVisible = 0;
			defaultConfigurationName = Release;
		};
		3E53572123B51CF100B547E0 /* Build configuration list for PBXNativeTarget "Air take2UITests" */ = {
			isa = XCConfigurationList;
			buildConfigurations = (
				3E53572223B51CF100B547E0 /* Debug */,
				3E53572323B51CF100B547E0 /* Release */,
			);
			defaultConfigurationIsVisible = 0;
			defaultConfigurationName = Release;
		};
/* End XCConfigurationList section */

/* Begin XCVersionGroup section */
		3E5356F523B51CEF00B547E0 /* Air_take2.xcdatamodeld */ = {
			isa = XCVersionGroup;
			children = (
				3E5356F623B51CEF00B547E0 /* Air_take2.xcdatamodel */,
			);
			currentVersion = 3E5356F623B51CEF00B547E0 /* Air_take2.xcdatamodel */;
			path = Air_take2.xcdatamodeld;
			sourceTree = "<group>";
			versionGroupType = wrapper.xcdatamodel;
		};
/* End XCVersionGroup section */
	};
	rootObject = 3E5356E623B51CEF00B547E0 /* Project object */;
}
